
Microsoft Visual Studio Solution File, Format Version 12.00
# Visual Studio Version 16
VisualStudioVersion = 16.0.29613.14
MinimumVisualStudioVersion = 10.0.40219.1
Project("{FAE04EC0-301F-11D3-BF4B-00C04F79EFBC}") = "EFITEMS", "EFITEMS.csproj", "{8E964835-A791-4289-AAD1-70BF25F82547}"
EndProject
Project("{FAE04EC0-301F-11D3-BF4B-00C04F79EFBC}") = "EF_Client", "..\EF_Client\EF_Client.csproj", "{9AAF402A-DF09-45AB-9A54-E66F73A99316}"
EndProject
Global
	GlobalSection(SolutionConfigurationPlatforms) = preSolution
		Debug|Any CPU = Debug|Any CPU
		Release|Any CPU = Release|Any CPU
	EndGlobalSection
	GlobalSection(ProjectConfigurationPlatforms) = postSolution
		{8E964835-A791-4289-AAD1-70BF25F82547}.Debug|Any CPU.ActiveCfg = Debug|Any CPU
		{8E964835-A791-4289-AAD1-70BF25F82547}.Debug|Any CPU.Build.0 = Debug|Any CPU
		{8E964835-A791-4289-AAD1-70BF25F82547}.Release|Any CPU.ActiveCfg = Release|Any CPU
		{8E964835-A791-4289-AAD1-70BF25F82547}.Release|Any CPU.Build.0 = Release|Any CPU
		{9AAF402A-DF09-45AB-9A54-E66F73A99316}.Debug|Any CPU.ActiveCfg = Debug|Any CPU
		{9AAF402A-DF09-45AB-9A54-E66F73A99316}.Debug|Any CPU.Build.0 = Debug|Any CPU
		{9AAF402A-DF09-45AB-9A54-E66F73A99316}.Release|Any CPU.ActiveCfg = Release|Any CPU
		{9AAF402A-DF09-45AB-9A54-E66F73A99316}.Release|Any CPU.Build.0 = Release|Any CPU
	EndGlobalSection
	GlobalSection(SolutionProperties) = preSolution
		HideSolutionNode = FALSE
	EndGlobalSection
	GlobalSection(ExtensibilityGlobals) = postSolution
		SolutionGuid = {931DC3DB-222F-4EB9-B65C-EDAC2AFF74A6}
	EndGlobalSection
EndGlobal
